{
  "name": "clash-config-strategies",
  "version": "1.0.0",
  "lockfileVersion": 3,
  "requires": true,
  "packages": {
    "": {
      "name": "clash-config-strategies",
      "version": "1.0.0",
      "license": "ISC",
      "dependencies": {
        "yaml": "^2.2.2"
      }
    },
    "node_modules/yaml": {
      "version": "2.2.2",
      "resolved": "https://registry.npmmirror.com/yaml/-/yaml-2.2.2.tgz",
      "integrity": "sha512-CBKFWExMn46Foo4cldiChEzn7S7SRV+wqiluAb6xmueD/fGyRHIhX8m14vVGgeFWjN540nKCNVj6P21eQjgTuA==",
      "engines": {
        "node": ">= 14"
      }
    }
  }
}
